
Microsoft Visual Studio Solution File, Format Version 12.00
# Visual Studio Version 17
VisualStudioVersion = 17.9.34728.123
MinimumVisualStudioVersion = 10.0.40219.1
Project("{FAE04EC0-301F-11D3-BF4B-00C04F79EFBC}") = "01.1", "01.1\01.1.csproj", "{C8060C3C-9FFA-4233-92DA-C5DF1848AA2B}"
EndProject
Project("{FAE04EC0-301F-11D3-BF4B-00C04F79EFBC}") = "01.2", "01.2\01.2.csproj", "{EB3D2600-31DC-4E51-86AD-604C32E278E8}"
EndProject
Global
	GlobalSection(SolutionConfigurationPlatforms) = preSolution
		Debug|Any CPU = Debug|Any CPU
		Release|Any CPU = Release|Any CPU
	EndGlobalSection
	GlobalSection(ProjectConfigurationPlatforms) = postSolution
		{C8060C3C-9FFA-4233-92DA-C5DF1848AA2B}.Debug|Any CPU.ActiveCfg = Debug|Any CPU
		{C8060C3C-9FFA-4233-92DA-C5DF1848AA2B}.Debug|Any CPU.Build.0 = Debug|Any CPU
		{C8060C3C-9FFA-4233-92DA-C5DF1848AA2B}.Release|Any CPU.ActiveCfg = Release|Any CPU
		{C8060C3C-9FFA-4233-92DA-C5DF1848AA2B}.Release|Any CPU.Build.0 = Release|Any CPU
		{EB3D2600-31DC-4E51-86AD-604C32E278E8}.Debug|Any CPU.ActiveCfg = Debug|Any CPU
		{EB3D2600-31DC-4E51-86AD-604C32E278E8}.Debug|Any CPU.Build.0 = Debug|Any CPU
		{EB3D2600-31DC-4E51-86AD-604C32E278E8}.Release|Any CPU.ActiveCfg = Release|Any CPU
		{EB3D2600-31DC-4E51-86AD-604C32E278E8}.Release|Any CPU.Build.0 = Release|Any CPU
	EndGlobalSection
	GlobalSection(SolutionProperties) = preSolution
		HideSolutionNode = FALSE
	EndGlobalSection
	GlobalSection(ExtensibilityGlobals) = postSolution
		SolutionGuid = {63832539-0DBB-4893-B284-390EA63C6F19}
	EndGlobalSection
EndGlobal
